
Microsoft Visual Studio Solution File, Format Version 12.00
# Visual Studio Version 17
VisualStudioVersion = 17.14.36408.4 d17.14
MinimumVisualStudioVersion = 10.0.40219.1
Project("{FAE04EC0-301F-11D3-BF4B-00C04F79EFBC}") = "ClasseAtributosMetodos4ConstrutorSobrecargaThisEncapsulamento", "ClasseAtributosMetodos4ConstrutorSobrecargaThisEncapsulamento.csproj", "{B793D54A-CC2D-4516-B5C0-10BD48E15D00}"
EndProject
Global
	GlobalSection(SolutionConfigurationPlatforms) = preSolution
		Debug|Any CPU = Debug|Any CPU
		Release|Any CPU = Release|Any CPU
	EndGlobalSection
	GlobalSection(ProjectConfigurationPlatforms) = postSolution
		{B793D54A-CC2D-4516-B5C0-10BD48E15D00}.Debug|Any CPU.ActiveCfg = Debug|Any CPU
		{B793D54A-CC2D-4516-B5C0-10BD48E15D00}.Debug|Any CPU.Build.0 = Debug|Any CPU
		{B793D54A-CC2D-4516-B5C0-10BD48E15D00}.Release|Any CPU.ActiveCfg = Release|Any CPU
		{B793D54A-CC2D-4516-B5C0-10BD48E15D00}.Release|Any CPU.Build.0 = Release|Any CPU
	EndGlobalSection
	GlobalSection(SolutionProperties) = preSolution
		HideSolutionNode = FALSE
	EndGlobalSection
	GlobalSection(ExtensibilityGlobals) = postSolution
		SolutionGuid = {4773650D-9810-4176-AEA8-D62F2F7941E6}
	EndGlobalSection
EndGlobal
